// !$*UTF8*$!
{
	archiveVersion = 1;
	classes = {
	};
	objectVersion = 56;
	objects = {

/* Begin PBXBuildFile section */
		6944AC0229BDBD9100290388 /* AsyncSyncApp.swift in Sources */ = {isa = PBXBuildFile; fileRef = 6944AC0129BDBD9100290388 /* AsyncSyncApp.swift */; };
		6944AC0429BDBD9100290388 /* ContentView.swift in Sources */ = {isa = PBXBuildFile; fileRef = 6944AC0329BDBD9100290388 /* ContentView.swift */; };
		6944AC0629BDBD9100290388 /* Assets.xcassets in Resources */ = {isa = PBXBuildFile; fileRef = 6944AC0529BDBD9100290388 /* Assets.xcassets */; };
		6944AC0929BDBD9100290388 /* Preview Assets.xcassets in Resources */ = {isa = PBXBuildFile; fileRef = 6944AC0829BDBD9100290388 /* Preview Assets.xcassets */; };
/* End PBXBuildFile section */

/* Begin PBXContainerItemProxy section */
		6944AC0F29BDBD9200290388 /* PBXContainerItemProxy */ = {
			isa = PBXContainerItemProxy;
			containerPortal = 6944ABF629BDBD9100290388 /* Project object */;
			proxyType = 1;
			remoteGlobalIDString = 6944ABFD29BDBD9100290388;
			remoteInfo = AsyncSync;
		};
		6944AC1929BDBD9200290388 /* PBXContainerItemProxy */ = {
			isa = PBXContainerItemProxy;
			containerPortal = 6944ABF629BDBD9100290388 /* Project object */;
			proxyType = 1;
			remoteGlobalIDString = 6944ABFD29BDBD9100290388;
			remoteInfo = AsyncSync;
		};
/* End PBXContainerItemProxy section */

/* Begin PBXFileReference section */
		6944ABFE29BDBD9100290388 /* AsyncSync.app */ = {isa = PBXFileReference; explicitFileType = wrapper.application; includeInIndex = 0; path = AsyncSync.app; sourceTree = BUILT_PRODUCTS_DIR; };
		6944AC0129BDBD9100290388 /* AsyncSyncApp.swift */ = {isa = PBXFileReference; lastKnownFileType = sourcecode.swift; path = AsyncSyncApp.swift; sourceTree = "<group>"; };
		6944AC0329BDBD9100290388 /* ContentView.swift */ = {isa = PBXFileReference; lastKnownFileType = sourcecode.swift; path = ContentView.swift; sourceTree = "<group>"; };
		6944AC0529BDBD9100290388 /* Assets.xcassets */ = {isa = PBXFileReference; lastKnownFileType = folder.assetcatalog; path = Assets.xcassets; sourceTree = "<group>"; };
		6944AC0829BDBD9100290388 /* Preview Assets.xcassets */ = {isa = PBXFileReference; lastKnownFileType = folder.assetcatalog; path = "Preview Assets.xcassets"; sourceTree = "<group>"; };
		6944AC0E29BDBD9200290388 /* AsyncSyncTests.xctest */ = {isa = PBXFileReference; explicitFileType = wrapper.cfbundle; includeInIndex = 0; path = AsyncSyncTests.xctest; sourceTree = BUILT_PRODUCTS_DIR; };
		6944AC1829BDBD9200290388 /* AsyncSyncUITests.xctest */ = {isa = PBXFileReference; explicitFileType = wrapper.cfbundle; includeInIndex = 0; path = AsyncSyncUITests.xctest; sourceTree = BUILT_PRODUCTS_DIR; };
/* End PBXFileReference section */

/* Begin PBXFrameworksBuildPhase section */
		6944ABFB29BDBD9100290388 /* Frameworks */ = {
			isa = PBXFrameworksBuildPhase;
			buildActionMask = 2147483647;
			files = (
			);
			runOnlyForDeploymentPostprocessing = 0;
		};
		6944AC0B29BDBD9200290388 /* Frameworks */ = {
			isa = PBXFrameworksBuildPhase;
			buildActionMask = 2147483647;
			files = (
			);
			runOnlyForDeploymentPostprocessing = 0;
		};
		6944AC1529BDBD9200290388 /* Frameworks */ = {
			isa = PBXFrameworksBuildPhase;
			buildActionMask = 2147483647;
			files = (
			);
			runOnlyForDeploymentPostprocessing = 0;
		};
/* End PBXFrameworksBuildPhase section */

/* Begin PBXGroup section */
		6944ABF529BDBD9100290388 = {
			isa = PBXGroup;
			children = (
				6944AC0029BDBD9100290388 /* AsyncSync */,
				6944ABFF29BDBD9100290388 /* Products */,
			);
			sourceTree = "<group>";
		};
		6944ABFF29BDBD9100290388 /* Products */ = {
			isa = PBXGroup;
			children = (
				6944ABFE29BDBD9100290388 /* AsyncSync.app */,
				6944AC0E29BDBD9200290388 /* AsyncSyncTests.xctest */,
				6944AC1829BDBD9200290388 /* AsyncSyncUITests.xctest */,
			);
			name = Products;
			sourceTree = "<group>";
		};
		6944AC0029BDBD9100290388 /* AsyncSync */ = {
			isa = PBXGroup;
			children = (
				6944AC0129BDBD9100290388 /* AsyncSyncApp.swift */,
				6944AC0329BDBD9100290388 /* ContentView.swift */,
				6944AC0529BDBD9100290388 /* Assets.xcassets */,
				6944AC0729BDBD9100290388 /* Preview Content */,
			);
			path = AsyncSync;
			sourceTree = "<group>";
		};
		6944AC0729BDBD9100290388 /* Preview Content */ = {
			isa = PBXGroup;
			children = (
				6944AC0829BDBD9100290388 /* Preview Assets.xcassets */,
			);
			path = "Preview Content";
			sourceTree = "<group>";
		};
/* End PBXGroup section */

/* Begin PBXNativeTarget section */
		6944ABFD29BDBD9100290388 /* AsyncSync */ = {
			isa = PBXNativeTarget;
			buildConfigurationList = 6944AC2229BDBD9200290388 /* Build configuration list for PBXNativeTarget "AsyncSync" */;
			buildPhases = (
				6944ABFA29BDBD9100290388 /* Sources */,
				6944ABFB29BDBD9100290388 /* Frameworks */,
				6944ABFC29BDBD9100290388 /* Resources */,
			);
			buildRules = (
			);
			dependencies = (
			);
			name = AsyncSync;
			productName = AsyncSync;
			productReference = 6944ABFE29BDBD9100290388 /* AsyncSync.app */;
			productType = "com.apple.product-type.application";
		};
		6944AC0D29BDBD9200290388 /* AsyncSyncTests */ = {
			isa = PBXNativeTarget;
			buildConfigurationList = 6944AC2529BDBD9200290388 /* Build configuration list for PBXNativeTarget "AsyncSyncTests" */;
			buildPhases = (
				6944AC0A29BDBD9200290388 /* Sources */,
				6944AC0B29BDBD9200290388 /* Frameworks */,
				6944AC0C29BDBD9200290388 /* Resources */,
			);
			buildRules = (
			);
			dependencies = (
				6944AC1029BDBD9200290388 /* PBXTargetDependency */,
			);
			name = AsyncSyncTests;
			productName = AsyncSyncTests;
			productReference = 6944AC0E29BDBD9200290388 /* AsyncSyncTests.xctest */;
			productType = "com.apple.product-type.bundle.unit-test";
		};
		6944AC1729BDBD9200290388 /* AsyncSyncUITests */ = {
			isa = PBXNativeTarget;
			buildConfigurationList = 6944AC2829BDBD9200290388 /* Build configuration list for PBXNativeTarget "AsyncSyncUITests" */;
			buildPhases = (
				6944AC1429BDBD9200290388 /* Sources */,
				6944AC1529BDBD9200290388 /* Frameworks */,
				6944AC1629BDBD9200290388 /* Resources */,
			);
			buildRules = (
			);
			dependencies = (
				6944AC1A29BDBD9200290388 /* PBXTargetDependency */,
			);
			name = AsyncSyncUITests;
			productName = AsyncSyncUITests;
			productReference = 6944AC1829BDBD9200290388 /* AsyncSyncUITests.xctest */;
			productType = "com.apple.product-type.bundle.ui-testing";
		};
/* End PBXNativeTarget section */

/* Begin PBXProject section */
		6944ABF629BDBD9100290388 /* Project object */ = {
			isa = PBXProject;
			attributes = {
				BuildIndependentTargetsInParallel = 1;
				LastSwiftUpdateCheck = 1420;
				LastUpgradeCheck = 1420;
				TargetAttributes = {
					6944ABFD29BDBD9100290388 = {
						CreatedOnToolsVersion = 14.2;
					};
					6944AC0D29BDBD9200290388 = {
						CreatedOnToolsVersion = 14.2;
						TestTargetID = 6944ABFD29BDBD9100290388;
					};
					6944AC1729BDBD9200290388 = {
						CreatedOnToolsVersion = 14.2;
						TestTargetID = 6944ABFD29BDBD9100290388;
					};
				};
			};
			buildConfigurationList = 6944ABF929BDBD9100290388 /* Build configuration list for PBXProject "AsyncSync" */;
			compatibilityVersion = "Xcode 14.0";
			developmentRegion = en;
			hasScannedForEncodings = 0;
			knownRegions = (
				en,
				Base,
			);
			mainGroup = 6944ABF529BDBD9100290388;
			productRefGroup = 6944ABFF29BDBD9100290388 /* Products */;
			projectDirPath = "";
			projectRoot = "";
			targets = (
				6944ABFD29BDBD9100290388 /* AsyncSync */,
				6944AC0D29BDBD9200290388 /* AsyncSyncTests */,
				6944AC1729BDBD9200290388 /* AsyncSyncUITests */,
			);
		};
/* End PBXProject section */

/* Begin PBXResourcesBuildPhase section */
		6944ABFC29BDBD9100290388 /* Resources */ = {
			isa = PBXResourcesBuildPhase;
			buildActionMask = 2147483647;
			files = (
				6944AC0929BDBD9100290388 /* Preview Assets.xcassets in Resources */,
				6944AC0629BDBD9100290388 /* Assets.xcassets in Resources */,
			);
			runOnlyForDeploymentPostprocessing = 0;
		};
		6944AC0C29BDBD9200290388 /* Resources */ = {
			isa = PBXResourcesBuildPhase;
			buildActionMask = 2147483647;
			files = (
			);
			runOnlyForDeploymentPostprocessing = 0;
		};
		6944AC1629BDBD9200290388 /* Resources */ = {
			isa = PBXResourcesBuildPhase;
			buildActionMask = 2147483647;
			files = (
			);
			runOnlyForDeploymentPostprocessing = 0;
		};
/* End PBXResourcesBuildPhase section */

/* Begin PBXSourcesBuildPhase section */
		6944ABFA29BDBD9100290388 /* Sources */ = {
			isa = PBXSourcesBuildPhase;
			buildActionMask = 2147483647;
			files = (
				6944AC0429BDBD9100290388 /* ContentView.swift in Sources */,
				6944AC0229BDBD9100290388 /* AsyncSyncApp.swift in Sources */,
			);
			runOnlyForDeploymentPostprocessing = 0;
		};
		6944AC0A29BDBD9200290388 /* Sources */ = {
			isa = PBXSourcesBuildPhase;
			buildActionMask = 2147483647;
			files = (
			);
			runOnlyForDeploymentPostprocessing = 0;
		};
		6944AC1429BDBD9200290388 /* Sources */ = {
			isa = PBXSourcesBuildPhase;
			buildActionMask = 2147483647;
			files = (
			);
			runOnlyForDeploymentPostprocessing = 0;
		};
/* End PBXSourcesBuildPhase section */

/* Begin PBXTargetDependency section */
		6944AC1029BDBD9200290388 /* PBXTargetDependency */ = {
			isa = PBXTargetDependency;
			target = 6944ABFD29BDBD9100290388 /* AsyncSync */;
			targetProxy = 6944AC0F29BDBD9200290388 /* PBXContainerItemProxy */;
		};
		6944AC1A29BDBD9200290388 /* PBXTargetDependency */ = {
			isa = PBXTargetDependency;
			target = 6944ABFD29BDBD9100290388 /* AsyncSync */;
			targetProxy = 6944AC1929BDBD9200290388 /* PBXContainerItemProxy */;
		};
/* End PBXTargetDependency section */

/* Begin XCBuildConfiguration section */
		6944AC2029BDBD9200290388 /* Debug */ = {
			isa = XCBuildConfiguration;
			buildSettings = {
				ALWAYS_SEARCH_USER_PATHS = NO;
				CLANG_ANALYZER_NONNULL = YES;
				CLANG_ANALYZER_NUMBER_OBJECT_CONVERSION = YES_AGGRESSIVE;
				CLANG_CXX_LANGUAGE_STANDARD = "gnu++20";
				CLANG_ENABLE_MODULES = YES;
				CLANG_ENABLE_OBJC_ARC = YES;
				CLANG_ENABLE_OBJC_WEAK = YES;
				CLANG_WARN_BLOCK_CAPTURE_AUTORELEASING = YES;
				CLANG_WARN_BOOL_CONVERSION = YES;
				CLANG_WARN_COMMA = YES;
				CLANG_WARN_CONSTANT_CONVERSION = YES;
				CLANG_WARN_DEPRECATED_OBJC_IMPLEMENTATIONS = YES;
				CLANG_WARN_DIRECT_OBJC_ISA_USAGE = YES_ERROR;
				CLANG_WARN_DOCUMENTATION_COMMENTS = YES;
				CLANG_WARN_EMPTY_BODY = YES;
				CLANG_WARN_ENUM_CONVERSION = YES;
				CLANG_WARN_INFINITE_RECURSION = YES;
				CLANG_WARN_INT_CONVERSION = YES;
				CLANG_WARN_NON_LITERAL_NULL_CONVERSION = YES;
				CLANG_WARN_OBJC_IMPLICIT_RETAIN_SELF = YES;
				CLANG_WARN_OBJC_LITERAL_CONVERSION = YES;
				CLANG_WARN_OBJC_ROOT_CLASS = YES_ERROR;
				CLANG_WARN_QUOTED_INCLUDE_IN_FRAMEWORK_HEADER = YES;
				CLANG_WARN_RANGE_LOOP_ANALYSIS = YES;
				CLANG_WARN_STRICT_PROTOTYPES = YES;
				CLANG_WARN_SUSPICIOUS_MOVE = YES;
				CLANG_WARN_UNGUARDED_AVAILABILITY = YES_AGGRESSIVE;
				CLANG_WARN_UNREACHABLE_CODE = YES;
				CLANG_WARN__DUPLICATE_METHOD_MATCH = YES;
				COPY_PHASE_STRIP = NO;
				DEBUG_INFORMATION_FORMAT = dwarf;
				ENABLE_STRICT_OBJC_MSGSEND = YES;
				ENABLE_TESTABILITY = YES;
				GCC_C_LANGUAGE_STANDARD = gnu11;
				GCC_DYNAMIC_NO_PIC = NO;
				GCC_NO_COMMON_BLOCKS = YES;
				GCC_OPTIMIZATION_LEVEL = 0;
				GCC_PREPROCESSOR_DEFINITIONS = (
					"DEBUG=1",
					"$(inherited)",
				);
				GCC_WARN_64_TO_32_BIT_CONVERSION = YES;
				GCC_WARN_ABOUT_RETURN_TYPE = YES_ERROR;
				GCC_WARN_UNDECLARED_SELECTOR = YES;
				GCC_WARN_UNINITIALIZED_AUTOS = YES_AGGRESSIVE;
				GCC_WARN_UNUSED_FUNCTION = YES;
				GCC_WARN_UNUSED_VARIABLE = YES;
				IPHONEOS_DEPLOYMENT_TARGET = 16.2;
				MTL_ENABLE_DEBUG_INFO = INCLUDE_SOURCE;
				MTL_FAST_MATH = YES;
				ONLY_ACTIVE_ARCH = YES;
				SDKROOT = iphoneos;
				SWIFT_ACTIVE_COMPILATION_CONDITIONS = DEBUG;
				SWIFT_OPTIMIZATION_LEVEL = "-Onone";
			};
			name = Debug;
		};
		6944AC2129BDBD9200290388 /* Release */ = {
			isa = XCBuildConfiguration;
			buildSettings = {
				ALWAYS_SEARCH_USER_PATHS = NO;
				CLANG_ANALYZER_NONNULL = YES;
				CLANG_ANALYZER_NUMBER_OBJECT_CONVERSION = YES_AGGRESSIVE;
				CLANG_CXX_LANGUAGE_STANDARD = "gnu++20";
				CLANG_ENABLE_MODULES = YES;
				CLANG_ENABLE_OBJC_ARC = YES;
				CLANG_ENABLE_OBJC_WEAK = YES;
				CLANG_WARN_BLOCK_CAPTURE_AUTORELEASING = YES;
				CLANG_WARN_BOOL_CONVERSION = YES;
				CLANG_WARN_COMMA = YES;
				CLANG_WARN_CONSTANT_CONVERSION = YES;
				CLANG_WARN_DEPRECATED_OBJC_IMPLEMENTATIONS = YES;
				CLANG_WARN_DIRECT_OBJC_ISA_USAGE = YES_ERROR;
				CLANG_WARN_DOCUMENTATION_COMMENTS = YES;
				CLANG_WARN_EMPTY_BODY = YES;
				CLANG_WARN_ENUM_CONVERSION = YES;
				CLANG_WARN_INFINITE_RECURSION = YES;
				CLANG_WARN_INT_CONVERSION = YES;
				CLANG_WARN_NON_LITERAL_NULL_CONVERSION = YES;
				CLANG_WARN_OBJC_IMPLICIT_RETAIN_SELF = YES;
				CLANG_WARN_OBJC_LITERAL_CONVERSION = YES;
				CLANG_WARN_OBJC_ROOT_CLASS = YES_ERROR;
				CLANG_WARN_QUOTED_INCLUDE_IN_FRAMEWORK_HEADER = YES;
				CLANG_WARN_RANGE_LOOP_ANALYSIS = YES;
				CLANG_WARN_STRICT_PROTOTYPES = YES;
				CLANG_WARN_SUSPICIOUS_MOVE = YES;
				CLANG_WARN_UNGUARDED_AVAILABILITY = YES_AGGRESSIVE;
				CLANG_WARN_UNREACHABLE_CODE = YES;
				CLANG_WARN__DUPLICATE_METHOD_MATCH = YES;
				COPY_PHASE_STRIP = NO;
				DEBUG_INFORMATION_FORMAT = "dwarf-with-dsym";
				ENABLE_NS_ASSERTIONS = NO;
				ENABLE_STRICT_OBJC_MSGSEND = YES;
				GCC_C_LANGUAGE_STANDARD = gnu11;
				GCC_NO_COMMON_BLOCKS = YES;
				GCC_WARN_64_TO_32_BIT_CONVERSION = YES;
				GCC_WARN_ABOUT_RETURN_TYPE = YES_ERROR;
				GCC_WARN_UNDECLARED_SELECTOR = YES;
				GCC_WARN_UNINITIALIZED_AUTOS = YES_AGGRESSIVE;
				GCC_WARN_UNUSED_FUNCTION = YES;
				GCC_WARN_UNUSED_VARIABLE = YES;
				IPHONEOS_DEPLOYMENT_TARGET = 16.2;
				MTL_ENABLE_DEBUG_INFO = NO;
				MTL_FAST_MATH = YES;
				SDKROOT = iphoneos;
				SWIFT_COMPILATION_MODE = wholemodule;
				SWIFT_OPTIMIZATION_LEVEL = "-O";
				VALIDATE_PRODUCT = YES;
			};
			name = Release;
		};
		6944AC2329BDBD9200290388 /* Debug */ = {
			isa = XCBuildConfiguration;
			buildSettings = {
				ASSETCATALOG_COMPILER_APPICON_NAME = AppIcon;
				ASSETCATALOG_COMPILER_GLOBAL_ACCENT_COLOR_NAME = AccentColor;
				CODE_SIGN_STYLE = Automatic;
				CURRENT_PROJECT_VERSION = 1;
				DEVELOPMENT_ASSET_PATHS = "\"AsyncSync/Preview Content\"";
				ENABLE_PREVIEWS = YES;
				GENERATE_INFOPLIST_FILE = YES;
				INFOPLIST_KEY_UIApplicationSceneManifest_Generation = YES;
				INFOPLIST_KEY_UIApplicationSupportsIndirectInputEvents = YES;
				INFOPLIST_KEY_UILaunchScreen_Generation = YES;
				INFOPLIST_KEY_UISupportedInterfaceOrientations_iPad = "UIInterfaceOrientationPortrait UIInterfaceOrientationPortraitUpsideDown UIInterfaceOrientationLandscapeLeft UIInterfaceOrientationLandscapeRight";
				INFOPLIST_KEY_UISupportedInterfaceOrientations_iPhone = "UIInterfaceOrientationPortrait UIInterfaceOrientationLandscapeLeft UIInterfaceOrientationLandscapeRight";
				LD_RUNPATH_SEARCH_PATHS = (
					"$(inherited)",
					"@executable_path/Frameworks",
				);
				MARKETING_VERSION = 1.0;
				PRODUCT_BUNDLE_IDENTIFIER = com.sako.AsyncSync;
				PRODUCT_NAME = "$(TARGET_NAME)";
				SWIFT_EMIT_LOC_STRINGS = YES;
				SWIFT_VERSION = 5.0;
				TARGETED_DEVICE_FAMILY = "1,2";
			};
			name = Debug;
		};
		6944AC2429BDBD9200290388 /* Release */ = {
			isa = XCBuildConfiguration;
			buildSettings = {
				ASSETCATALOG_COMPILER_APPICON_NAME = AppIcon;
				ASSETCATALOG_COMPILER_GLOBAL_ACCENT_COLOR_NAME = AccentColor;
				CODE_SIGN_STYLE = Automatic;
				CURRENT_PROJECT_VERSION = 1;
				DEVELOPMENT_ASSET_PATHS = "\"AsyncSync/Preview Content\"";
				ENABLE_PREVIEWS = YES;
				GENERATE_INFOPLIST_FILE = YES;
				INFOPLIST_KEY_UIApplicationSceneManifest_Generation = YES;
				INFOPLIST_KEY_UIApplicationSupportsIndirectInputEvents = YES;
				INFOPLIST_KEY_UILaunchScreen_Generation = YES;
				INFOPLIST_KEY_UISupportedInterfaceOrientations_iPad = "UIInterfaceOrientationPortrait UIInterfaceOrientationPortraitUpsideDown UIInterfaceOrientationLandscapeLeft UIInterfaceOrientationLandscapeRight";
				INFOPLIST_KEY_UISupportedInterfaceOrientations_iPhone = "UIInterfaceOrientationPortrait UIInterfaceOrientationLandscapeLeft UIInterfaceOrientationLandscapeRight";
				LD_RUNPATH_SEARCH_PATHS = (
					"$(inherited)",
					"@executable_path/Frameworks",
				);
				MARKETING_VERSION = 1.0;
				PRODUCT_BUNDLE_IDENTIFIER = com.sako.AsyncSync;
				PRODUCT_NAME = "$(TARGET_NAME)";
				SWIFT_EMIT_LOC_STRINGS = YES;
				SWIFT_VERSION = 5.0;
				TARGETED_DEVICE_FAMILY = "1,2";
			};
			name = Release;
		};
		6944AC2629BDBD9200290388 /* Debug */ = {
			isa = XCBuildConfiguration;
			buildSettings = {
				ALWAYS_EMBED_SWIFT_STANDARD_LIBRARIES = YES;
				BUNDLE_LOADER = "$(TEST_HOST)";
				CODE_SIGN_STYLE = Automatic;
				CURRENT_PROJECT_VERSION = 1;
				GENERATE_INFOPLIST_FILE = YES;
				IPHONEOS_DEPLOYMENT_TARGET = 16.2;
				MARKETING_VERSION = 1.0;
				PRODUCT_BUNDLE_IDENTIFIER = com.sako.AsyncSyncTests;
				PRODUCT_NAME = "$(TARGET_NAME)";
				SWIFT_EMIT_LOC_STRINGS = NO;
				SWIFT_VERSION = 5.0;
				TARGETED_DEVICE_FAMILY = "1,2";
				TEST_HOST = "$(BUILT_PRODUCTS_DIR)/AsyncSync.app/$(BUNDLE_EXECUTABLE_FOLDER_PATH)/AsyncSync";
			};
			name = Debug;
		};
		6944AC2729BDBD9200290388 /* Release */ = {
			isa = XCBuildConfiguration;
			buildSettings = {
				ALWAYS_EMBED_SWIFT_STANDARD_LIBRARIES = YES;
				BUNDLE_LOADER = "$(TEST_HOST)";
				CODE_SIGN_STYLE = Automatic;
				CURRENT_PROJECT_VERSION = 1;
				GENERATE_INFOPLIST_FILE = YES;
				IPHONEOS_DEPLOYMENT_TARGET = 16.2;
				MARKETING_VERSION = 1.0;
				PRODUCT_BUNDLE_IDENTIFIER = com.sako.AsyncSyncTests;
				PRODUCT_NAME = "$(TARGET_NAME)";
				SWIFT_EMIT_LOC_STRINGS = NO;
				SWIFT_VERSION = 5.0;
				TARGETED_DEVICE_FAMILY = "1,2";
				TEST_HOST = "$(BUILT_PRODUCTS_DIR)/AsyncSync.app/$(BUNDLE_EXECUTABLE_FOLDER_PATH)/AsyncSync";
			};
			name = Release;
		};
		6944AC2929BDBD9200290388 /* Debug */ = {
			isa = XCBuildConfiguration;
			buildSettings = {
				ALWAYS_EMBED_SWIFT_STANDARD_LIBRARIES = YES;
				CODE_SIGN_STYLE = Automatic;
				CURRENT_PROJECT_VERSION = 1;
				GENERATE_INFOPLIST_FILE = YES;
				MARKETING_VERSION = 1.0;
				PRODUCT_BUNDLE_IDENTIFIER = com.sako.AsyncSyncUITests;
				PRODUCT_NAME = "$(TARGET_NAME)";
				SWIFT_EMIT_LOC_STRINGS = NO;
				SWIFT_VERSION = 5.0;
				TARGETED_DEVICE_FAMILY = "1,2";
				TEST_TARGET_NAME = AsyncSync;
			};
			name = Debug;
		};
		6944AC2A29BDBD9200290388 /* Release */ = {
			isa = XCBuildConfiguration;
			buildSettings = {
				ALWAYS_EMBED_SWIFT_STANDARD_LIBRARIES = YES;
				CODE_SIGN_STYLE = Automatic;
				CURRENT_PROJECT_VERSION = 1;
				GENERATE_INFOPLIST_FILE = YES;
				MARKETING_VERSION = 1.0;
				PRODUCT_BUNDLE_IDENTIFIER = com.sako.AsyncSyncUITests;
				PRODUCT_NAME = "$(TARGET_NAME)";
				SWIFT_EMIT_LOC_STRINGS = NO;
				SWIFT_VERSION = 5.0;
				TARGETED_DEVICE_FAMILY = "1,2";
				TEST_TARGET_NAME = AsyncSync;
			};
			name = Release;
		};
/* End XCBuildConfiguration section */

/* Begin XCConfigurationList section */
		6944ABF929BDBD9100290388 /* Build configuration list for PBXProject "AsyncSync" */ = {
			isa = XCConfigurationList;
			buildConfigurations = (
				6944AC2029BDBD9200290388 /* Debug */,
				6944AC2129BDBD9200290388 /* Release */,
			);
			defaultConfigurationIsVisible = 0;
			defaultConfigurationName = Release;
		};
		6944AC2229BDBD9200290388 /* Build configuration list for PBXNativeTarget "AsyncSync" */ = {
			isa = XCConfigurationList;
			buildConfigurations = (
				6944AC2329BDBD9200290388 /* Debug */,
				6944AC2429BDBD9200290388 /* Release */,
			);
			defaultConfigurationIsVisible = 0;
			defaultConfigurationName = Release;
		};
		6944AC2529BDBD9200290388 /* Build configuration list for PBXNativeTarget "AsyncSyncTests" */ = {
			isa = XCConfigurationList;
			buildConfigurations = (
				6944AC2629BDBD9200290388 /* Debug */,
				6944AC2729BDBD9200290388 /* Release */,
			);
			defaultConfigurationIsVisible = 0;
			defaultConfigurationName = Release;
		};
		6944AC2829BDBD9200290388 /* Build configuration list for PBXNativeTarget "AsyncSyncUITests" */ = {
			isa = XCConfigurationList;
			buildConfigurations = (
				6944AC2929BDBD9200290388 /* Debug */,
				6944AC2A29BDBD9200290388 /* Release */,
			);
			defaultConfigurationIsVisible = 0;
			defaultConfigurationName = Release;
		};
/* End XCConfigurationList section */
	};
	rootObject = 6944ABF629BDBD9100290388 /* Project object */;
}
